
Microsoft Visual Studio Solution File, Format Version 12.00
# Visual Studio Version 16
VisualStudioVersion = 16.0.29102.190
MinimumVisualStudioVersion = 10.0.40219.1
Project("{FAE04EC0-301F-11D3-BF4B-00C04F79EFBC}") = "NewChatApp", "NewChatApp\NewChatApp.csproj", "{1390F072-6456-4E02-8DA4-307E5CAC3C16}"
EndProject
Global
	GlobalSection(SolutionConfigurationPlatforms) = preSolution
		Debug|Any CPU = Debug|Any CPU
		Release|Any CPU = Release|Any CPU
	EndGlobalSection
	GlobalSection(ProjectConfigurationPlatforms) = postSolution
		{1390F072-6456-4E02-8DA4-307E5CAC3C16}.Debug|Any CPU.ActiveCfg = Debug|Any CPU
		{1390F072-6456-4E02-8DA4-307E5CAC3C16}.Debug|Any CPU.Build.0 = Debug|Any CPU
		{1390F072-6456-4E02-8DA4-307E5CAC3C16}.Release|Any CPU.ActiveCfg = Release|Any CPU
		{1390F072-6456-4E02-8DA4-307E5CAC3C16}.Release|Any CPU.Build.0 = Release|Any CPU
	EndGlobalSection
	GlobalSection(SolutionProperties) = preSolution
		HideSolutionNode = FALSE
	EndGlobalSection
	GlobalSection(ExtensibilityGlobals) = postSolution
		SolutionGuid = {7ABE31D8-7571-4CF1-8A87-86FE164A245F}
	EndGlobalSection
EndGlobal
